
Microsoft Visual Studio Solution File, Format Version 12.00
# Visual Studio Version 17
VisualStudioVersion = 17.2.32616.157
MinimumVisualStudioVersion = 10.0.40219.1
Project("{FAE04EC0-301F-11D3-BF4B-00C04F79EFBC}") = "DogGo", "DogGo\DogGo.csproj", "{D1221929-38A6-484D-9592-EE4CF3161827}"
EndProject
Global
	GlobalSection(SolutionConfigurationPlatforms) = preSolution
		Debug|Any CPU = Debug|Any CPU
		Release|Any CPU = Release|Any CPU
	EndGlobalSection
	GlobalSection(ProjectConfigurationPlatforms) = postSolution
		{D1221929-38A6-484D-9592-EE4CF3161827}.Debug|Any CPU.ActiveCfg = Debug|Any CPU
		{D1221929-38A6-484D-9592-EE4CF3161827}.Debug|Any CPU.Build.0 = Debug|Any CPU
		{D1221929-38A6-484D-9592-EE4CF3161827}.Release|Any CPU.ActiveCfg = Release|Any CPU
		{D1221929-38A6-484D-9592-EE4CF3161827}.Release|Any CPU.Build.0 = Release|Any CPU
	EndGlobalSection
	GlobalSection(SolutionProperties) = preSolution
		HideSolutionNode = FALSE
	EndGlobalSection
	GlobalSection(ExtensibilityGlobals) = postSolution
		SolutionGuid = {145CBA49-CE6B-40A7-B0BE-5378E44748D9}
	EndGlobalSection
EndGlobal
